
Microsoft Visual Studio Solution File, Format Version 12.00
# Visual Studio Version 16
VisualStudioVersion = 16.0.30907.101
MinimumVisualStudioVersion = 10.0.40219.1
Project("{9A19103F-16F7-4668-BE54-9A1E7A4F7556}") = "ConsoleUI", "ConsoleUI\ConsoleUI.csproj", "{7F3A4FA5-7C1F-4554-A91D-2956E945123F}"
EndProject
Project("{FAE04EC0-301F-11D3-BF4B-00C04F79EFBC}") = "DataAccess", "DataAccess\DataAccess.csproj", "{57240B3E-7338-4615-8191-C7FF81D24E1E}"
EndProject
Project("{9A19103F-16F7-4668-BE54-9A1E7A4F7556}") = "Entities", "Entities\Entities.csproj", "{12854AAC-DA16-4153-9B49-65D987C80DAF}"
EndProject
Project("{FAE04EC0-301F-11D3-BF4B-00C04F79EFBC}") = "Business", "Business\Business.csproj", "{A26E731D-1CD2-4679-B389-2830FE62DE59}"
EndProject
Global
	GlobalSection(SolutionConfigurationPlatforms) = preSolution
		Debug|Any CPU = Debug|Any CPU
		Release|Any CPU = Release|Any CPU
	EndGlobalSection
	GlobalSection(ProjectConfigurationPlatforms) = postSolution
		{7F3A4FA5-7C1F-4554-A91D-2956E945123F}.Debug|Any CPU.ActiveCfg = Debug|Any CPU
		{7F3A4FA5-7C1F-4554-A91D-2956E945123F}.Debug|Any CPU.Build.0 = Debug|Any CPU
		{7F3A4FA5-7C1F-4554-A91D-2956E945123F}.Release|Any CPU.ActiveCfg = Release|Any CPU
		{7F3A4FA5-7C1F-4554-A91D-2956E945123F}.Release|Any CPU.Build.0 = Release|Any CPU
		{57240B3E-7338-4615-8191-C7FF81D24E1E}.Debug|Any CPU.ActiveCfg = Debug|Any CPU
		{57240B3E-7338-4615-8191-C7FF81D24E1E}.Debug|Any CPU.Build.0 = Debug|Any CPU
		{57240B3E-7338-4615-8191-C7FF81D24E1E}.Release|Any CPU.ActiveCfg = Release|Any CPU
		{57240B3E-7338-4615-8191-C7FF81D24E1E}.Release|Any CPU.Build.0 = Release|Any CPU
		{12854AAC-DA16-4153-9B49-65D987C80DAF}.Debug|Any CPU.ActiveCfg = Debug|Any CPU
		{12854AAC-DA16-4153-9B49-65D987C80DAF}.Debug|Any CPU.Build.0 = Debug|Any CPU
		{12854AAC-DA16-4153-9B49-65D987C80DAF}.Release|Any CPU.ActiveCfg = Release|Any CPU
		{12854AAC-DA16-4153-9B49-65D987C80DAF}.Release|Any CPU.Build.0 = Release|Any CPU
		{A26E731D-1CD2-4679-B389-2830FE62DE59}.Debug|Any CPU.ActiveCfg = Debug|Any CPU
		{A26E731D-1CD2-4679-B389-2830FE62DE59}.Debug|Any CPU.Build.0 = Debug|Any CPU
		{A26E731D-1CD2-4679-B389-2830FE62DE59}.Release|Any CPU.ActiveCfg = Release|Any CPU
		{A26E731D-1CD2-4679-B389-2830FE62DE59}.Release|Any CPU.Build.0 = Release|Any CPU
	EndGlobalSection
	GlobalSection(SolutionProperties) = preSolution
		HideSolutionNode = FALSE
	EndGlobalSection
	GlobalSection(ExtensibilityGlobals) = postSolution
		SolutionGuid = {A9306783-EB9D-472F-8056-0E7D33C92739}
	EndGlobalSection
EndGlobal
